
Microsoft Visual Studio Solution File, Format Version 12.00
# Visual Studio 15
VisualStudioVersion = 15.0.27130.2010
MinimumVisualStudioVersion = 10.0.40219.1
Project("{FAE04EC0-301F-11D3-BF4B-00C04F79EFBC}") = "Bell", "Bell\Bell.csproj", "{8023BE17-7F3F-4C4E-87AA-8C33564022BF}"
EndProject
Global
	GlobalSection(SolutionConfigurationPlatforms) = preSolution
		Debug|Any CPU = Debug|Any CPU
		Release|Any CPU = Release|Any CPU
	EndGlobalSection
	GlobalSection(ProjectConfigurationPlatforms) = postSolution
		{8023BE17-7F3F-4C4E-87AA-8C33564022BF}.Debug|Any CPU.ActiveCfg = Debug|Any CPU
		{8023BE17-7F3F-4C4E-87AA-8C33564022BF}.Debug|Any CPU.Build.0 = Debug|Any CPU
		{8023BE17-7F3F-4C4E-87AA-8C33564022BF}.Release|Any CPU.ActiveCfg = Release|Any CPU
		{8023BE17-7F3F-4C4E-87AA-8C33564022BF}.Release|Any CPU.Build.0 = Release|Any CPU
	EndGlobalSection
	GlobalSection(SolutionProperties) = preSolution
		HideSolutionNode = FALSE
	EndGlobalSection
	GlobalSection(ExtensibilityGlobals) = postSolution
		SolutionGuid = {3D73FFE0-CB9E-4DA0-9BB8-17AAD34F69B7}
	EndGlobalSection
EndGlobal
